// !$*UTF8*$!
{
	archiveVersion = 1;
	classes = {
	};
	objectVersion = 52;
	objects = {

/* Begin PBXBuildFile section */
		0984B81125E22FFC00D7361F /* TrainingGridApp.swift in Sources */ = {isa = PBXBuildFile; fileRef = 0984B81025E22FFC00D7361F /* TrainingGridApp.swift */; };
		0984B81325E22FFC00D7361F /* ContentView.swift in Sources */ = {isa = PBXBuildFile; fileRef = 0984B81225E22FFC00D7361F /* ContentView.swift */; };
		0984B81525E22FFD00D7361F /* Assets.xcassets in Resources */ = {isa = PBXBuildFile; fileRef = 0984B81425E22FFD00D7361F /* Assets.xcassets */; };
		0984B81825E22FFD00D7361F /* Preview Assets.xcassets in Resources */ = {isa = PBXBuildFile; fileRef = 0984B81725E22FFD00D7361F /* Preview Assets.xcassets */; };
		0984B82225E2526D00D7361F /* ElegantCalendar in Frameworks */ = {isa = PBXBuildFile; productRef = 0984B82125E2526D00D7361F /* ElegantCalendar */; };
/* End PBXBuildFile section */

/* Begin PBXFileReference section */
		0984B80D25E22FFC00D7361F /* TrainingGrid.app */ = {isa = PBXFileReference; explicitFileType = wrapper.application; includeInIndex = 0; path = TrainingGrid.app; sourceTree = BUILT_PRODUCTS_DIR; };
		0984B81025E22FFC00D7361F /* TrainingGridApp.swift */ = {isa = PBXFileReference; lastKnownFileType = sourcecode.swift; path = TrainingGridApp.swift; sourceTree = "<group>"; };
		0984B81225E22FFC00D7361F /* ContentView.swift */ = {isa = PBXFileReference; lastKnownFileType = sourcecode.swift; path = ContentView.swift; sourceTree = "<group>"; };
		0984B81425E22FFD00D7361F /* Assets.xcassets */ = {isa = PBXFileReference; lastKnownFileType = folder.assetcatalog; path = Assets.xcassets; sourceTree = "<group>"; };
		0984B81725E22FFD00D7361F /* Preview Assets.xcassets */ = {isa = PBXFileReference; lastKnownFileType = folder.assetcatalog; path = "Preview Assets.xcassets"; sourceTree = "<group>"; };
		0984B81925E22FFD00D7361F /* Info.plist */ = {isa = PBXFileReference; lastKnownFileType = text.plist.xml; path = Info.plist; sourceTree = "<group>"; };
/* End PBXFileReference section */

/* Begin PBXFrameworksBuildPhase section */
		0984B80A25E22FFC00D7361F /* Frameworks */ = {
			isa = PBXFrameworksBuildPhase;
			buildActionMask = 2147483647;
			files = (
				0984B82225E2526D00D7361F /* ElegantCalendar in Frameworks */,
			);
			runOnlyForDeploymentPostprocessing = 0;
		};
/* End PBXFrameworksBuildPhase section */

/* Begin PBXGroup section */
		0984B80425E22FFB00D7361F = {
			isa = PBXGroup;
			children = (
				0984B80F25E22FFC00D7361F /* TrainingGrid */,
				0984B80E25E22FFC00D7361F /* Products */,
			);
			sourceTree = "<group>";
		};
		0984B80E25E22FFC00D7361F /* Products */ = {
			isa = PBXGroup;
			children = (
				0984B80D25E22FFC00D7361F /* TrainingGrid.app */,
			);
			name = Products;
			sourceTree = "<group>";
		};
		0984B80F25E22FFC00D7361F /* TrainingGrid */ = {
			isa = PBXGroup;
			children = (
				0984B81025E22FFC00D7361F /* TrainingGridApp.swift */,
				0984B81225E22FFC00D7361F /* ContentView.swift */,
				0984B81425E22FFD00D7361F /* Assets.xcassets */,
				0984B81925E22FFD00D7361F /* Info.plist */,
				0984B81625E22FFD00D7361F /* Preview Content */,
			);
			path = TrainingGrid;
			sourceTree = "<group>";
		};
		0984B81625E22FFD00D7361F /* Preview Content */ = {
			isa = PBXGroup;
			children = (
				0984B81725E22FFD00D7361F /* Preview Assets.xcassets */,
			);
			path = "Preview Content";
			sourceTree = "<group>";
		};
/* End PBXGroup section */

/* Begin PBXNativeTarget section */
		0984B80C25E22FFC00D7361F /* TrainingGrid */ = {
			isa = PBXNativeTarget;
			buildConfigurationList = 0984B81C25E22FFD00D7361F /* Build configuration list for PBXNativeTarget "TrainingGrid" */;
			buildPhases = (
				0984B80925E22FFC00D7361F /* Sources */,
				0984B80A25E22FFC00D7361F /* Frameworks */,
				0984B80B25E22FFC00D7361F /* Resources */,
			);
			buildRules = (
			);
			dependencies = (
			);
			name = TrainingGrid;
			packageProductDependencies = (
				0984B82125E2526D00D7361F /* ElegantCalendar */,
			);
			productName = TrainingGrid;
			productReference = 0984B80D25E22FFC00D7361F /* TrainingGrid.app */;
			productType = "com.apple.product-type.application";
		};
/* End PBXNativeTarget section */

/* Begin PBXProject section */
		0984B80525E22FFB00D7361F /* Project object */ = {
			isa = PBXProject;
			attributes = {
				LastSwiftUpdateCheck = 1240;
				LastUpgradeCheck = 1240;
				TargetAttributes = {
					0984B80C25E22FFC00D7361F = {
						CreatedOnToolsVersion = 12.4;
					};
				};
			};
			buildConfigurationList = 0984B80825E22FFB00D7361F /* Build configuration list for PBXProject "TrainingGrid" */;
			compatibilityVersion = "Xcode 9.3";
			developmentRegion = en;
			hasScannedForEncodings = 0;
			knownRegions = (
				en,
				Base,
			);
			mainGroup = 0984B80425E22FFB00D7361F;
			packageReferences = (
				0984B82025E2526D00D7361F /* XCRemoteSwiftPackageReference "ElegantCalendar" */,
			);
			productRefGroup = 0984B80E25E22FFC00D7361F /* Products */;
			projectDirPath = "";
			projectRoot = "";
			targets = (
				0984B80C25E22FFC00D7361F /* TrainingGrid */,
			);
		};
/* End PBXProject section */

/* Begin PBXResourcesBuildPhase section */
		0984B80B25E22FFC00D7361F /* Resources */ = {
			isa = PBXResourcesBuildPhase;
			buildActionMask = 2147483647;
			files = (
				0984B81825E22FFD00D7361F /* Preview Assets.xcassets in Resources */,
				0984B81525E22FFD00D7361F /* Assets.xcassets in Resources */,
			);
			runOnlyForDeploymentPostprocessing = 0;
		};
/* End PBXResourcesBuildPhase section */

/* Begin PBXSourcesBuildPhase section */
		0984B80925E22FFC00D7361F /* Sources */ = {
			isa = PBXSourcesBuildPhase;
			buildActionMask = 2147483647;
			files = (
				0984B81325E22FFC00D7361F /* ContentView.swift in Sources */,
				0984B81125E22FFC00D7361F /* TrainingGridApp.swift in Sources */,
			);
			runOnlyForDeploymentPostprocessing = 0;
		};
/* End PBXSourcesBuildPhase section */

/* Begin XCBuildConfiguration section */
		0984B81A25E22FFD00D7361F /* Debug */ = {
			isa = XCBuildConfiguration;
			buildSettings = {
				ALWAYS_SEARCH_USER_PATHS = NO;
				CLANG_ANALYZER_NONNULL = YES;
				CLANG_ANALYZER_NUMBER_OBJECT_CONVERSION = YES_AGGRESSIVE;
				CLANG_CXX_LANGUAGE_STANDARD = "gnu++14";
				CLANG_CXX_LIBRARY = "libc++";
				CLANG_ENABLE_MODULES = YES;
				CLANG_ENABLE_OBJC_ARC = YES;
				CLANG_ENABLE_OBJC_WEAK = YES;
				CLANG_WARN_BLOCK_CAPTURE_AUTORELEASING = YES;
				CLANG_WARN_BOOL_CONVERSION = YES;
				CLANG_WARN_COMMA = YES;
				CLANG_WARN_CONSTANT_CONVERSION = YES;
				CLANG_WARN_DEPRECATED_OBJC_IMPLEMENTATIONS = YES;
				CLANG_WARN_DIRECT_OBJC_ISA_USAGE = YES_ERROR;
				CLANG_WARN_DOCUMENTATION_COMMENTS = YES;
				CLANG_WARN_EMPTY_BODY = YES;
				CLANG_WARN_ENUM_CONVERSION = YES;
				CLANG_WARN_INFINITE_RECURSION = YES;
				CLANG_WARN_INT_CONVERSION = YES;
				CLANG_WARN_NON_LITERAL_NULL_CONVERSION = YES;
				CLANG_WARN_OBJC_IMPLICIT_RETAIN_SELF = YES;
				CLANG_WARN_OBJC_LITERAL_CONVERSION = YES;
				CLANG_WARN_OBJC_ROOT_CLASS = YES_ERROR;
				CLANG_WARN_QUOTED_INCLUDE_IN_FRAMEWORK_HEADER = YES;
				CLANG_WARN_RANGE_LOOP_ANALYSIS = YES;
				CLANG_WARN_STRICT_PROTOTYPES = YES;
				CLANG_WARN_SUSPICIOUS_MOVE = YES;
				CLANG_WARN_UNGUARDED_AVAILABILITY = YES_AGGRESSIVE;
				CLANG_WARN_UNREACHABLE_CODE = YES;
				CLANG_WARN__DUPLICATE_METHOD_MATCH = YES;
				COPY_PHASE_STRIP = NO;
				DEBUG_INFORMATION_FORMAT = dwarf;
				ENABLE_STRICT_OBJC_MSGSEND = YES;
				ENABLE_TESTABILITY = YES;
				GCC_C_LANGUAGE_STANDARD = gnu11;
				GCC_DYNAMIC_NO_PIC = NO;
				GCC_NO_COMMON_BLOCKS = YES;
				GCC_OPTIMIZATION_LEVEL = 0;
				GCC_PREPROCESSOR_DEFINITIONS = (
					"DEBUG=1",
					"$(inherited)",
				);
				GCC_WARN_64_TO_32_BIT_CONVERSION = YES;
				GCC_WARN_ABOUT_RETURN_TYPE = YES_ERROR;
				GCC_WARN_UNDECLARED_SELECTOR = YES;
				GCC_WARN_UNINITIALIZED_AUTOS = YES_AGGRESSIVE;
				GCC_WARN_UNUSED_FUNCTION = YES;
				GCC_WARN_UNUSED_VARIABLE = YES;
				IPHONEOS_DEPLOYMENT_TARGET = 14.4;
				MTL_ENABLE_DEBUG_INFO = INCLUDE_SOURCE;
				MTL_FAST_MATH = YES;
				ONLY_ACTIVE_ARCH = YES;
				SDKROOT = iphoneos;
				SWIFT_ACTIVE_COMPILATION_CONDITIONS = DEBUG;
				SWIFT_OPTIMIZATION_LEVEL = "-Onone";
			};
			name = Debug;
		};
		0984B81B25E22FFD00D7361F /* Release */ = {
			isa = XCBuildConfiguration;
			buildSettings = {
				ALWAYS_SEARCH_USER_PATHS = NO;
				CLANG_ANALYZER_NONNULL = YES;
				CLANG_ANALYZER_NUMBER_OBJECT_CONVERSION = YES_AGGRESSIVE;
				CLANG_CXX_LANGUAGE_STANDARD = "gnu++14";
				CLANG_CXX_LIBRARY = "libc++";
				CLANG_ENABLE_MODULES = YES;
				CLANG_ENABLE_OBJC_ARC = YES;
				CLANG_ENABLE_OBJC_WEAK = YES;
				CLANG_WARN_BLOCK_CAPTURE_AUTORELEASING = YES;
				CLANG_WARN_BOOL_CONVERSION = YES;
				CLANG_WARN_COMMA = YES;
				CLANG_WARN_CONSTANT_CONVERSION = YES;
				CLANG_WARN_DEPRECATED_OBJC_IMPLEMENTATIONS = YES;
				CLANG_WARN_DIRECT_OBJC_ISA_USAGE = YES_ERROR;
				CLANG_WARN_DOCUMENTATION_COMMENTS = YES;
				CLANG_WARN_EMPTY_BODY = YES;
				CLANG_WARN_ENUM_CONVERSION = YES;
				CLANG_WARN_INFINITE_RECURSION = YES;
				CLANG_WARN_INT_CONVERSION = YES;
				CLANG_WARN_NON_LITERAL_NULL_CONVERSION = YES;
				CLANG_WARN_OBJC_IMPLICIT_RETAIN_SELF = YES;
				CLANG_WARN_OBJC_LITERAL_CONVERSION = YES;
				CLANG_WARN_OBJC_ROOT_CLASS = YES_ERROR;
				CLANG_WARN_QUOTED_INCLUDE_IN_FRAMEWORK_HEADER = YES;
				CLANG_WARN_RANGE_LOOP_ANALYSIS = YES;
				CLANG_WARN_STRICT_PROTOTYPES = YES;
				CLANG_WARN_SUSPICIOUS_MOVE = YES;
				CLANG_WARN_UNGUARDED_AVAILABILITY = YES_AGGRESSIVE;
				CLANG_WARN_UNREACHABLE_CODE = YES;
				CLANG_WARN__DUPLICATE_METHOD_MATCH = YES;
				COPY_PHASE_STRIP = NO;
				DEBUG_INFORMATION_FORMAT = "dwarf-with-dsym";
				ENABLE_NS_ASSERTIONS = NO;
				ENABLE_STRICT_OBJC_MSGSEND = YES;
				GCC_C_LANGUAGE_STANDARD = gnu11;
				GCC_NO_COMMON_BLOCKS = YES;
				GCC_WARN_64_TO_32_BIT_CONVERSION = YES;
				GCC_WARN_ABOUT_RETURN_TYPE = YES_ERROR;
				GCC_WARN_UNDECLARED_SELECTOR = YES;
				GCC_WARN_UNINITIALIZED_AUTOS = YES_AGGRESSIVE;
				GCC_WARN_UNUSED_FUNCTION = YES;
				GCC_WARN_UNUSED_VARIABLE = YES;
				IPHONEOS_DEPLOYMENT_TARGET = 14.4;
				MTL_ENABLE_DEBUG_INFO = NO;
				MTL_FAST_MATH = YES;
				SDKROOT = iphoneos;
				SWIFT_COMPILATION_MODE = wholemodule;
				SWIFT_OPTIMIZATION_LEVEL = "-O";
				VALIDATE_PRODUCT = YES;
			};
			name = Release;
		};
		0984B81D25E22FFD00D7361F /* Debug */ = {
			isa = XCBuildConfiguration;
			buildSettings = {
				ASSETCATALOG_COMPILER_APPICON_NAME = AppIcon;
				ASSETCATALOG_COMPILER_GLOBAL_ACCENT_COLOR_NAME = AccentColor;
				CODE_SIGN_STYLE = Automatic;
				DEVELOPMENT_ASSET_PATHS = "\"TrainingGrid/Preview Content\"";
				ENABLE_PREVIEWS = YES;
				INFOPLIST_FILE = TrainingGrid/Info.plist;
				IPHONEOS_DEPLOYMENT_TARGET = 14.0;
				LD_RUNPATH_SEARCH_PATHS = (
					"$(inherited)",
					"@executable_path/Frameworks",
				);
				PRODUCT_BUNDLE_IDENTIFIER = com.shohei.yamamoto.TrainingGrid;
				PRODUCT_NAME = "$(TARGET_NAME)";
				SWIFT_VERSION = 5.0;
				TARGETED_DEVICE_FAMILY = "1,2";
			};
			name = Debug;
		};
		0984B81E25E22FFD00D7361F /* Release */ = {
			isa = XCBuildConfiguration;
			buildSettings = {
				ASSETCATALOG_COMPILER_APPICON_NAME = AppIcon;
				ASSETCATALOG_COMPILER_GLOBAL_ACCENT_COLOR_NAME = AccentColor;
				CODE_SIGN_STYLE = Automatic;
				DEVELOPMENT_ASSET_PATHS = "\"TrainingGrid/Preview Content\"";
				ENABLE_PREVIEWS = YES;
				INFOPLIST_FILE = TrainingGrid/Info.plist;
				IPHONEOS_DEPLOYMENT_TARGET = 14.0;
				LD_RUNPATH_SEARCH_PATHS = (
					"$(inherited)",
					"@executable_path/Frameworks",
				);
				PRODUCT_BUNDLE_IDENTIFIER = com.shohei.yamamoto.TrainingGrid;
				PRODUCT_NAME = "$(TARGET_NAME)";
				SWIFT_VERSION = 5.0;
				TARGETED_DEVICE_FAMILY = "1,2";
			};
			name = Release;
		};
/* End XCBuildConfiguration section */

/* Begin XCConfigurationList section */
		0984B80825E22FFB00D7361F /* Build configuration list for PBXProject "TrainingGrid" */ = {
			isa = XCConfigurationList;
			buildConfigurations = (
				0984B81A25E22FFD00D7361F /* Debug */,
				0984B81B25E22FFD00D7361F /* Release */,
			);
			defaultConfigurationIsVisible = 0;
			defaultConfigurationName = Release;
		};
		0984B81C25E22FFD00D7361F /* Build configuration list for PBXNativeTarget "TrainingGrid" */ = {
			isa = XCConfigurationList;
			buildConfigurations = (
				0984B81D25E22FFD00D7361F /* Debug */,
				0984B81E25E22FFD00D7361F /* Release */,
			);
			defaultConfigurationIsVisible = 0;
			defaultConfigurationName = Release;
		};
/* End XCConfigurationList section */

/* Begin XCRemoteSwiftPackageReference section */
		0984B82025E2526D00D7361F /* XCRemoteSwiftPackageReference "ElegantCalendar" */ = {
			isa = XCRemoteSwiftPackageReference;
			repositoryURL = "git@github.com:ThasianX/ElegantCalendar.git";
			requirement = {
				kind = upToNextMajorVersion;
				minimumVersion = 4.3.1;
			};
		};
/* End XCRemoteSwiftPackageReference section */

/* Begin XCSwiftPackageProductDependency section */
		0984B82125E2526D00D7361F /* ElegantCalendar */ = {
			isa = XCSwiftPackageProductDependency;
			package = 0984B82025E2526D00D7361F /* XCRemoteSwiftPackageReference "ElegantCalendar" */;
			productName = ElegantCalendar;
		};
/* End XCSwiftPackageProductDependency section */
	};
	rootObject = 0984B80525E22FFB00D7361F /* Project object */;
}
